# Generated by pub
# See https://dart.dev/tools/pub/glossary#lockfile
packages:
  _fe_analyzer_shared:
    dependency: transitive
    description:
      name: _fe_analyzer_shared
      sha256: a36ec4843dc30ea6bf652bf25e3448db6c5e8bcf4aa55f063a5d1dad216d8214
      url: "https://pub.dev"
    source: hosted
    version: "58.0.0"
  _flutterfire_internals:
    dependency: transitive
    description:
      name: _flutterfire_internals
      sha256: "5dce45a06d386358334eb1689108db6455d90ceb0d75848d5f4819283d4ee2b8"
      url: "https://pub.dev"
    source: hosted
    version: "1.3.4"
  adaptive_theme:
    dependency: "direct main"
    description:
      name: adaptive_theme
      sha256: "2d9bfee4240cdfad1b169cb43ac38fb49487e7fe1cc845e2973d4cef1780c0f6"
      url: "https://pub.dev"
    source: hosted
    version: "3.3.0"
  algolia:
    dependency: "direct main"
    description:
      name: algolia
      sha256: "0ba325344f85ac8f8351d158f0be0643e169ac0c91a43a496f8b1f3b54390066"
      url: "https://pub.dev"
    source: hosted
    version: "1.1.2"
  analyzer:
    dependency: transitive
    description:
      name: analyzer
      sha256: cc4242565347e98424ce9945c819c192ec0838cb9d1f6aa4a97cc96becbc5b27
      url: "https://pub.dev"
    source: hosted
    version: "5.10.0"
  analyzer_plugin:
    dependency: transitive
    description:
      name: analyzer_plugin
      sha256: c1d5f167683de03d5ab6c3b53fc9aeefc5d59476e7810ba7bbddff50c6f4392d
      url: "https://pub.dev"
    source: hosted
    version: "0.11.2"
  animated_text_kit:
    dependency: "direct main"
    description:
      name: animated_text_kit
      sha256: "37392a5376c9a1a503b02463c38bc0342ef814ddbb8f9977bc90f2a84b22fa92"
      url: "https://pub.dev"
    source: hosted
    version: "4.2.2"
  archive:
    dependency: transitive
    description:
      name: archive
      sha256: "0c8368c9b3f0abbc193b9d6133649a614204b528982bebc7026372d61677ce3a"
      url: "https://pub.dev"
    source: hosted
    version: "3.3.7"
  args:
    dependency: transitive
    description:
      name: args
      sha256: eef6c46b622e0494a36c5a12d10d77fb4e855501a91c1b9ef9339326e58f0596
      url: "https://pub.dev"
    source: hosted
    version: "2.4.2"
  asn1lib:
    dependency: transitive
    description:
      name: asn1lib
      sha256: b74e3842a52c61f8819a1ec8444b4de5419b41a7465e69d4aa681445377398b0
      url: "https://pub.dev"
    source: hosted
    version: "1.4.1"
  async:
    dependency: transitive
    description:
      name: async
      sha256: "947bfcf187f74dbc5e146c9eb9c0f10c9f8b30743e341481c1e2ed3ecc18c20c"
      url: "https://pub.dev"
    source: hosted
    version: "2.11.0"
  beamer:
    dependency: "direct main"
    description:
      name: beamer
      sha256: "88e3e47aceebbc4cb781949493acb99ec4af7043ae6fab6739a4708c24270fee"
      url: "https://pub.dev"
    source: hosted
    version: "1.6.0"
  boolean_selector:
    dependency: transitive
    description:
      name: boolean_selector
      sha256: "6cfb5af12253eaf2b368f07bacc5a80d1301a071c73360d746b7f2e32d762c66"
      url: "https://pub.dev"
    source: hosted
    version: "2.1.1"
  bottom_inset_observer:
    dependency: transitive
    description:
      name: bottom_inset_observer
      sha256: cbfb01e0e07cc4922052701786d5e607765a6f54e1844f41061abf8744519a7d
      url: "https://pub.dev"
    source: hosted
    version: "3.1.0"
  bottom_sheet:
    dependency: "direct main"
    description:
      name: bottom_sheet
      sha256: "922d43e46e5f3761f5319a08bb06a889f261f98087bcf2a8eceb4203d498bcc3"
      url: "https://pub.dev"
    source: hosted
    version: "4.0.0"
  boxy:
    dependency: "direct main"
    description:
      name: boxy
      sha256: "472c54991fb620d2c4384ef408c090836d761a626ba2c171f0b5884ee0362dfd"
      url: "https://pub.dev"
    source: hosted
    version: "2.1.2"
  characters:
    dependency: transitive
    description:
      name: characters
      sha256: "04a925763edad70e8443c99234dc3328f442e811f1d8fd1a72f1c8ad0f69a605"
      url: "https://pub.dev"
    source: hosted
    version: "1.3.0"
  charcode:
    dependency: transitive
    description:
      name: charcode
      sha256: fb98c0f6d12c920a02ee2d998da788bca066ca5f148492b7085ee23372b12306
      url: "https://pub.dev"
    source: hosted
    version: "1.3.1"
  checked_yaml:
    dependency: transitive
    description:
      name: checked_yaml
      sha256: feb6bed21949061731a7a75fc5d2aa727cf160b91af9a3e464c5e3a32e28b5ff
      url: "https://pub.dev"
    source: hosted
    version: "2.0.3"
  ci:
    dependency: transitive
    description:
      name: ci
      sha256: "145d095ce05cddac4d797a158bc4cf3b6016d1fe63d8c3d2fbd7212590adca13"
      url: "https://pub.dev"
    source: hosted
    version: "0.1.0"
  cli_util:
    dependency: transitive
    description:
      name: cli_util
      sha256: b8db3080e59b2503ca9e7922c3df2072cf13992354d5e944074ffa836fba43b7
      url: "https://pub.dev"
    source: hosted
    version: "0.4.0"
  clock:
    dependency: transitive
    description:
      name: clock
      sha256: cb6d7f03e1de671e34607e909a7213e31d7752be4fb66a86d29fe1eb14bfb5cf
      url: "https://pub.dev"
    source: hosted
    version: "1.1.1"
  cloud_firestore:
    dependency: "direct main"
    description:
      name: cloud_firestore
      sha256: "035b91f66b60dab5eefcc217accc734020234f79d963b075699920b95334a755"
      url: "https://pub.dev"
    source: hosted
    version: "4.8.3"
  cloud_firestore_platform_interface:
    dependency: transitive
    description:
      name: cloud_firestore_platform_interface
      sha256: "86bd1865abbeb09a7d09da3e70364a09f894937270651fc611a1c6d6a9f7b02c"
      url: "https://pub.dev"
    source: hosted
    version: "5.15.3"
  cloud_firestore_web:
    dependency: transitive
    description:
      name: cloud_firestore_web
      sha256: ac2eeb2a7ab1928c3aacc30eed750fa839d6f620e112a5459e321df217be2f47
      url: "https://pub.dev"
    source: hosted
    version: "3.6.3"
  cloud_functions:
    dependency: "direct main"
    description:
      name: cloud_functions
      sha256: "61560d62b19f43e1d65b352ae121fc1b7046ceb6efce4e69ecd28fb110c84784"
      url: "https://pub.dev"
    source: hosted
    version: "4.3.4"
  cloud_functions_platform_interface:
    dependency: transitive
    description:
      name: cloud_functions_platform_interface
      sha256: edfa0a929baec47df698ca28c37d03c27c020545326eeea1ed0f8b3a47b073ca
      url: "https://pub.dev"
    source: hosted
    version: "5.4.4"
  cloud_functions_web:
    dependency: transitive
    description:
      name: cloud_functions_web
      sha256: c2b73ef1bc9b0948bfb701a252e1a4019af4266e204270803ee7fa0f1641c74f
      url: "https://pub.dev"
    source: hosted
    version: "4.5.4"
  collection:
    dependency: transitive
    description:
      name: collection
      sha256: ee67cb0715911d28db6bf4af1026078bd6f0128b07a5f66fb2ed94ec6783c09a
      url: "https://pub.dev"
    source: hosted
    version: "1.18.0"
  convert:
    dependency: transitive
    description:
      name: convert
      sha256: "0f08b14755d163f6e2134cb58222dd25ea2a2ee8a195e53983d57c075324d592"
      url: "https://pub.dev"
    source: hosted
    version: "3.1.1"
  cross_file:
    dependency: transitive
    description:
      name: cross_file
      sha256: "445db18de832dba8d851e287aff8ccf169bed30d2e94243cb54c7d2f1ed2142c"
      url: "https://pub.dev"
    source: hosted
    version: "0.3.3+6"
  crypto:
    dependency: transitive
    description:
      name: crypto
      sha256: ff625774173754681d66daaf4a448684fb04b78f902da9cb3d308c19cc5e8bab
      url: "https://pub.dev"
    source: hosted
    version: "3.0.3"
  csslib:
    dependency: transitive
    description:
      name: csslib
      sha256: "706b5707578e0c1b4b7550f64078f0a0f19dec3f50a178ffae7006b0a9ca58fb"
      url: "https://pub.dev"
    source: hosted
    version: "1.0.0"
  cupertino_icons:
    dependency: "direct main"
    description:
      name: cupertino_icons
      sha256: e35129dc44c9118cee2a5603506d823bab99c68393879edb440e0090d07586be
      url: "https://pub.dev"
    source: hosted
    version: "1.0.5"
  custom_lint:
    dependency: "direct dev"
    description:
      name: custom_lint
      sha256: e87176016465263daf10c209df1f50a52e9e46e7612fab7462da1e6d984638f6
      url: "https://pub.dev"
    source: hosted
    version: "0.3.4"
  custom_lint_builder:
    dependency: transitive
    description:
      name: custom_lint_builder
      sha256: "6b5e20a249f2f7f15d098f802fe736b72cac14cddccdfcb46027e1b401deec9f"
      url: "https://pub.dev"
    source: hosted
    version: "0.3.4"
  custom_lint_core:
    dependency: transitive
    description:
      name: custom_lint_core
      sha256: f42f688bc26bdf4c081e011ba27a00439f17c20d9aeca4312f8022e577f8363f
      url: "https://pub.dev"
    source: hosted
    version: "0.3.4"
  dart_style:
    dependency: transitive
    description:
      name: dart_style
      sha256: f4f1f73ab3fd2afcbcca165ee601fe980d966af6a21b5970c6c9376955c528ad
      url: "https://pub.dev"
    source: hosted
    version: "2.3.1"
  device_info_plus:
    dependency: transitive
    description:
      name: device_info_plus
      sha256: "86add5ef97215562d2e090535b0a16f197902b10c369c558a100e74ea06e8659"
      url: "https://pub.dev"
    source: hosted
    version: "9.0.3"
  device_info_plus_platform_interface:
    dependency: transitive
    description:
      name: device_info_plus_platform_interface
      sha256: d3b01d5868b50ae571cd1dc6e502fc94d956b665756180f7b16ead09e836fd64
      url: "https://pub.dev"
    source: hosted
    version: "7.0.0"
  dismissible_page:
    dependency: "direct main"
    description:
      name: dismissible_page
      sha256: "5b2316f770fe83583f770df1f6505cb19102081c5971979806e77f2e507a9958"
      url: "https://pub.dev"
    source: hosted
    version: "1.0.2"
  easy_localization:
    dependency: "direct main"
    description:
      name: easy_localization
      sha256: "30ebf25448ffe169e0bd9bc4b5da94faa8398967a2ad2ca09f438be8b6953645"
      url: "https://pub.dev"
    source: hosted
    version: "3.0.2"
  easy_logger:
    dependency: transitive
    description:
      name: easy_logger
      sha256: c764a6e024846f33405a2342caf91c62e357c24b02c04dbc712ef232bf30ffb7
      url: "https://pub.dev"
    source: hosted
    version: "0.0.2"
  encrypt:
    dependency: transitive
    description:
      name: encrypt
      sha256: "4fd4e4fdc21b9d7d4141823e1e6515cd94e7b8d84749504c232999fba25d9bbb"
      url: "https://pub.dev"
    source: hosted
    version: "5.0.1"
  fake_async:
    dependency: transitive
    description:
      name: fake_async
      sha256: "511392330127add0b769b75a987850d136345d9227c6b94c96a04cf4a391bf78"
      url: "https://pub.dev"
    source: hosted
    version: "1.3.1"
  ffi:
    dependency: transitive
    description:
      name: ffi
      sha256: ed5337a5660c506388a9f012be0288fb38b49020ce2b45fe1f8b8323fe429f99
      url: "https://pub.dev"
    source: hosted
    version: "2.0.2"
  file:
    dependency: transitive
    description:
      name: file
      sha256: "1b92bec4fc2a72f59a8e15af5f52cd441e4a7860b49499d69dfa817af20e925d"
      url: "https://pub.dev"
    source: hosted
    version: "6.1.4"
  file_picker:
    dependency: "direct main"
    description:
      name: file_picker
      sha256: "4e42aacde3b993c5947467ab640882c56947d9d27342a5b6f2895b23956954a6"
      url: "https://pub.dev"
    source: hosted
    version: "6.1.1"
  firebase_analytics:
    dependency: "direct main"
    description:
      name: firebase_analytics
      sha256: d7494294bdb56a58ab6c4cfef377693835c43fa3610707346b98892fd7c4b634
      url: "https://pub.dev"
    source: hosted
    version: "10.4.4"
  firebase_analytics_platform_interface:
    dependency: transitive
    description:
      name: firebase_analytics_platform_interface
      sha256: bcb32ac53c494bd6deb61dcd02087418ae96d063ce522a4004974a32545c3f2b
      url: "https://pub.dev"
    source: hosted
    version: "3.6.4"
  firebase_analytics_web:
    dependency: transitive
    description:
      name: firebase_analytics_web
      sha256: "2f7d8ab97b46a747730f580b5a38b3e5330efb54c16af48613a6f729cc5f57fa"
      url: "https://pub.dev"
    source: hosted
    version: "0.5.4+4"
  firebase_auth:
    dependency: "direct main"
    description:
      name: firebase_auth
      sha256: acfbe55bc23e94ccc7228b7fc7b9abc0005597c1de226f6e3a0103ac29728fbe
      url: "https://pub.dev"
    source: hosted
    version: "4.7.1"
  firebase_auth_platform_interface:
    dependency: transitive
    description:
      name: firebase_auth_platform_interface
      sha256: "4ab0a8997994db2b76bf0652689d7908ca935a99314857c683251bc23d31c287"
      url: "https://pub.dev"
    source: hosted
    version: "6.16.0"
  firebase_auth_web:
    dependency: transitive
    description:
      name: firebase_auth_web
      sha256: "2e694a612a0739c0cf5f426d515dda37ee5827bab211d16e76bcad6a082925eb"
      url: "https://pub.dev"
    source: hosted
    version: "5.6.1"
  firebase_core:
    dependency: "direct main"
    description:
      name: firebase_core
      sha256: "2e9324f719e90200dc7d3c4f5d2abc26052f9f2b995d3b6626c47a0dfe1c8192"
      url: "https://pub.dev"
    source: hosted
    version: "2.15.0"
  firebase_core_platform_interface:
    dependency: transitive
    description:
      name: firebase_core_platform_interface
      sha256: b63e3be6c96ef5c33bdec1aab23c91eb00696f6452f0519401d640938c94cba2
      url: "https://pub.dev"
    source: hosted
    version: "4.8.0"
  firebase_core_web:
    dependency: transitive
    description:
      name: firebase_core_web
      sha256: "0fd5c4b228de29b55fac38aed0d9e42514b3d3bd47675de52bf7f8fccaf922fa"
      url: "https://pub.dev"
    source: hosted
    version: "2.6.0"
  firebase_storage:
    dependency: "direct main"
    description:
      name: firebase_storage
      sha256: "4b747005aee0c611242cdd553f58795f51e1567d2dfd4f75692fac3f67c8c336"
      url: "https://pub.dev"
    source: hosted
    version: "11.2.5"
  firebase_storage_platform_interface:
    dependency: transitive
    description:
      name: firebase_storage_platform_interface
      sha256: c77c7b6b7d283280993c81ea8ac95552b2ae521a7bb46a95181c1482e62d1633
      url: "https://pub.dev"
    source: hosted
    version: "4.4.4"
  firebase_storage_web:
    dependency: transitive
    description:
      name: firebase_storage_web
      sha256: "6906245579f1af225e43df0395c9d9631cb3135cbfa3521a839196d3383bb89a"
      url: "https://pub.dev"
    source: hosted
    version: "3.6.5"
  flex_list:
    dependency: "direct main"
    description:
      name: flex_list
      sha256: "7b8fc52765c3ed75b042ab0797558d261f75a2b50799517055c339b11d610ae0"
      url: "https://pub.dev"
    source: hosted
    version: "1.0.0"
  flutter:
    dependency: "direct main"
    description: flutter
    source: sdk
    version: "0.0.0"
  flutter_animate:
    dependency: "direct main"
    description:
      name: flutter_animate
      sha256: "62f346340a96192070e31e3f2a1bd30a28530f1fe8be978821e06cd56b74d6d2"
      url: "https://pub.dev"
    source: hosted
    version: "4.2.0+1"
  flutter_dotenv:
    dependency: "direct main"
    description:
      name: flutter_dotenv
      sha256: "9357883bdd153ab78cbf9ffa07656e336b8bbb2b5a3ca596b0b27e119f7c7d77"
      url: "https://pub.dev"
    source: hosted
    version: "5.1.0"
  flutter_improved_scrolling:
    dependency: "direct main"
    description:
      name: flutter_improved_scrolling
      sha256: "46aec4599cdec31f1cd481d6614a9de98a6d6bff865f1d5fae3d7de9b5b7f74f"
      url: "https://pub.dev"
    source: hosted
    version: "0.0.3"
  flutter_langdetect:
    dependency: "direct main"
    description:
      name: flutter_langdetect
      sha256: "93bd865c7d5723eac614744abb32234ee4f593505a293bc17ef097bd55fbdf38"
      url: "https://pub.dev"
    source: hosted
    version: "0.0.2"
  flutter_launcher_icons:
    dependency: "direct main"
    description:
      name: flutter_launcher_icons
      sha256: "526faf84284b86a4cb36d20a5e45147747b7563d921373d4ee0559c54fcdbcea"
      url: "https://pub.dev"
    source: hosted
    version: "0.13.1"
  flutter_lints:
    dependency: "direct dev"
    description:
      name: flutter_lints
      sha256: "2118df84ef0c3ca93f96123a616ae8540879991b8b57af2f81b76a7ada49b2a4"
      url: "https://pub.dev"
    source: hosted
    version: "2.0.2"
  flutter_localizations:
    dependency: transitive
    description: flutter
    source: sdk
    version: "0.0.0"
  flutter_loggy:
    dependency: "direct main"
    description:
      name: flutter_loggy
      sha256: "21b515977deefe37817cce35b0e420c7cde930b9dcfdcbeb05730ed24ee74e3a"
      url: "https://pub.dev"
    source: hosted
    version: "2.0.2"
  flutter_plugin_android_lifecycle:
    dependency: transitive
    description:
      name: flutter_plugin_android_lifecycle
      sha256: b068ffc46f82a55844acfa4fdbb61fad72fa2aef0905548419d97f0f95c456da
      url: "https://pub.dev"
    source: hosted
    version: "2.0.17"
  flutter_solidart:
    dependency: "direct main"
    description:
      name: flutter_solidart
      sha256: "627b82582492c2290e8b07d2c744ea801b1d24b16b2c64170525c4b00765ba45"
      url: "https://pub.dev"
    source: hosted
    version: "0.4.2"
  flutter_tabler_icons:
    dependency: "direct main"
    description:
      name: flutter_tabler_icons
      sha256: "77c86f8937991013e529f0e3c42473a4ed7ddf62f09ae5645639c0d1cfb92e3a"
      url: "https://pub.dev"
    source: hosted
    version: "1.2.0"
  flutter_test:
    dependency: "direct dev"
    description: flutter
    source: sdk
    version: "0.0.0"
  flutter_web_plugins:
    dependency: transitive
    description: flutter
    source: sdk
    version: "0.0.0"
  font_awesome_flutter:
    dependency: "direct main"
    description:
      name: font_awesome_flutter
      sha256: "5fb789145cae1f4c3245c58b3f8fb287d055c26323879eab57a7bf0cfd1e45f3"
      url: "https://pub.dev"
    source: hosted
    version: "10.5.0"
  freezed_annotation:
    dependency: transitive
    description:
      name: freezed_annotation
      sha256: c3fd9336eb55a38cc1bbd79ab17573113a8deccd0ecbbf926cca3c62803b5c2d
      url: "https://pub.dev"
    source: hosted
    version: "2.4.1"
  glob:
    dependency: transitive
    description:
      name: glob
      sha256: "0e7014b3b7d4dac1ca4d6114f82bf1782ee86745b9b42a92c9289c23d8a0ab63"
      url: "https://pub.dev"
    source: hosted
    version: "2.1.2"
  glutton:
    dependency: "direct main"
    description:
      name: glutton
      sha256: "4fade82a229fd1d2b96da7ccc3d3b0501a7f9babd2c1331259b9b3d746bf7366"
      url: "https://pub.dev"
    source: hosted
    version: "2.0.0"
  google_fonts:
    dependency: "direct main"
    description:
      name: google_fonts
      sha256: e20ff62b158b96f392bfc8afe29dee1503c94fbea2cbe8186fd59b756b8ae982
      url: "https://pub.dev"
    source: hosted
    version: "5.1.0"
  graphs:
    dependency: transitive
    description:
      name: graphs
      sha256: aedc5a15e78fc65a6e23bcd927f24c64dd995062bcd1ca6eda65a3cff92a4d19
      url: "https://pub.dev"
    source: hosted
    version: "2.3.1"
  hotreloader:
    dependency: transitive
    description:
      name: hotreloader
      sha256: "728c0613556c1d153f7e7f4a367cffacc3f5a677d7f6497a1c2b35add4e6dacf"
      url: "https://pub.dev"
    source: hosted
    version: "3.0.6"
  html:
    dependency: transitive
    description:
      name: html
      sha256: "3a7812d5bcd2894edf53dfaf8cd640876cf6cef50a8f238745c8b8120ea74d3a"
      url: "https://pub.dev"
    source: hosted
    version: "0.15.4"
  http:
    dependency: "direct overridden"
    description:
      name: http
      sha256: "759d1a329847dd0f39226c688d3e06a6b8679668e350e2891a6474f8b4bb8525"
      url: "https://pub.dev"
    source: hosted
    version: "1.1.0"
  http_parser:
    dependency: transitive
    description:
      name: http_parser
      sha256: "2aa08ce0341cc9b354a498388e30986515406668dbcc4f7c950c3e715496693b"
      url: "https://pub.dev"
    source: hosted
    version: "4.0.2"
  hyphenatorx:
    dependency: transitive
    description:
      name: hyphenatorx
      sha256: "66d9f3ea67c0641762ca14324aed97a02b784207e60a4796f0170416f6a159e8"
      url: "https://pub.dev"
    source: hosted
    version: "1.5.6+2"
  image:
    dependency: transitive
    description:
      name: image
      sha256: a72242c9a0ffb65d03de1b7113bc4e189686fc07c7147b8b41811d0dd0e0d9bf
      url: "https://pub.dev"
    source: hosted
    version: "4.0.17"
  image_downloader_web:
    dependency: "direct main"
    description:
      name: image_downloader_web
      sha256: b7fe34460541eedf8f7f616bca25d07068c19eddee0e409b6cba90fa39fee984
      url: "https://pub.dev"
    source: hosted
    version: "2.0.4"
  infinite_carousel:
    dependency: "direct main"
    description:
      name: infinite_carousel
      sha256: fe04c3b08adad2ee00c9bf40b46e0ff7944d206081392c4ae0f6b82c89c6e70d
      url: "https://pub.dev"
    source: hosted
    version: "1.0.3"
  intl:
    dependency: transitive
    description:
      name: intl
      sha256: "3bc132a9dbce73a7e4a21a17d06e1878839ffbf975568bc875c60537824b0c4d"
      url: "https://pub.dev"
    source: hosted
    version: "0.18.1"
  irondash_engine_context:
    dependency: transitive
    description:
      name: irondash_engine_context
      sha256: fea21bff36d44a5955beba90619f54b9169884014128ae75f50eba2db03c24a0
      url: "https://pub.dev"
    source: hosted
    version: "0.3.1"
  irondash_message_channel:
    dependency: transitive
    description:
      name: irondash_message_channel
      sha256: "500daa1fbe679f7d28a5258df3ff47dab6de352e680dc93c1ca9eae1555d8db5"
      url: "https://pub.dev"
    source: hosted
    version: "0.3.1"
  jiffy:
    dependency: "direct main"
    description:
      name: jiffy
      sha256: cc1d4b75016a9156c29b5d61f0c9176c3e0fb0580cc5a0e0422b5d2cab3fbfff
      url: "https://pub.dev"
    source: hosted
    version: "6.2.1"
  js:
    dependency: transitive
    description:
      name: js
      sha256: f2c445dce49627136094980615a031419f7f3eb393237e4ecd97ac15dea343f3
      url: "https://pub.dev"
    source: hosted
    version: "0.6.7"
  json_annotation:
    dependency: transitive
    description:
      name: json_annotation
      sha256: b10a7b2ff83d83c777edba3c6a0f97045ddadd56c944e1a23a3fdf43a1bf4467
      url: "https://pub.dev"
    source: hosted
    version: "4.8.1"
  just_the_tooltip:
    dependency: "direct main"
    description:
      name: just_the_tooltip
      sha256: "7a081133d57285bfb41b331f411006d57b433d7b35772e6155745f6a7a09cb82"
      url: "https://pub.dev"
    source: hosted
    version: "0.0.12"
  lints:
    dependency: transitive
    description:
      name: lints
      sha256: "0a217c6c989d21039f1498c3ed9f3ed71b354e69873f13a8dfc3c9fe76f1b452"
      url: "https://pub.dev"
    source: hosted
    version: "2.1.1"
  liquid_pull_to_refresh:
    dependency: "direct main"
    description:
      name: liquid_pull_to_refresh
      sha256: "11e4cd8c5460085a31b479ec4e1cd063eb8e599f35684d57a44dafa1fd1f67f3"
      url: "https://pub.dev"
    source: hosted
    version: "3.0.1"
  logger:
    dependency: transitive
    description:
      name: logger
      sha256: "7ad7215c15420a102ec687bb320a7312afd449bac63bfb1c60d9787c27b9767f"
      url: "https://pub.dev"
    source: hosted
    version: "1.4.0"
  logging:
    dependency: transitive
    description:
      name: logging
      sha256: "623a88c9594aa774443aa3eb2d41807a48486b5613e67599fb4c41c0ad47c340"
      url: "https://pub.dev"
    source: hosted
    version: "1.2.0"
  loggy:
    dependency: "direct main"
    description:
      name: loggy
      sha256: "981e03162bbd3a5a843026f75f73d26e4a0d8aa035ae060456ca7b30dfd1e339"
      url: "https://pub.dev"
    source: hosted
    version: "2.0.3"
  lottie:
    dependency: "direct main"
    description:
      name: lottie
      sha256: "0793a5866062e5cc8a8b24892fa94c3095953ea914a7fdf790f550dd7537fe60"
      url: "https://pub.dev"
    source: hosted
    version: "2.5.0"
  matcher:
    dependency: transitive
    description:
      name: matcher
      sha256: "1803e76e6653768d64ed8ff2e1e67bea3ad4b923eb5c56a295c3e634bad5960e"
      url: "https://pub.dev"
    source: hosted
    version: "0.12.16"
  material_color_utilities:
    dependency: transitive
    description:
      name: material_color_utilities
      sha256: "9528f2f296073ff54cb9fee677df673ace1218163c3bc7628093e7eed5203d41"
      url: "https://pub.dev"
    source: hosted
    version: "0.5.0"
  meta:
    dependency: transitive
    description:
      name: meta
      sha256: a6e590c838b18133bb482a2745ad77c5bb7715fb0451209e1a7567d416678b8e
      url: "https://pub.dev"
    source: hosted
    version: "1.10.0"
  mime:
    dependency: transitive
    description:
      name: mime
      sha256: e4ff8e8564c03f255408decd16e7899da1733852a9110a58fe6d1b817684a63e
      url: "https://pub.dev"
    source: hosted
    version: "1.0.4"
  package_config:
    dependency: transitive
    description:
      name: package_config
      sha256: "1c5b77ccc91e4823a5af61ee74e6b972db1ef98c2ff5a18d3161c982a55448bd"
      url: "https://pub.dev"
    source: hosted
    version: "2.1.0"
  path:
    dependency: transitive
    description:
      name: path
      sha256: "8829d8a55c13fc0e37127c29fedf290c102f4e40ae94ada574091fe0ff96c917"
      url: "https://pub.dev"
    source: hosted
    version: "1.8.3"
  path_provider:
    dependency: transitive
    description:
      name: path_provider
      sha256: a1aa8aaa2542a6bc57e381f132af822420216c80d4781f7aa085ca3229208aaa
      url: "https://pub.dev"
    source: hosted
    version: "2.1.1"
  path_provider_android:
    dependency: transitive
    description:
      name: path_provider_android
      sha256: e595b98692943b4881b219f0a9e3945118d3c16bd7e2813f98ec6e532d905f72
      url: "https://pub.dev"
    source: hosted
    version: "2.2.1"
  path_provider_foundation:
    dependency: transitive
    description:
      name: path_provider_foundation
      sha256: "19314d595120f82aca0ba62787d58dde2cc6b5df7d2f0daf72489e38d1b57f2d"
      url: "https://pub.dev"
    source: hosted
    version: "2.3.1"
  path_provider_linux:
    dependency: transitive
    description:
      name: path_provider_linux
      sha256: f7a1fe3a634fe7734c8d3f2766ad746ae2a2884abe22e241a8b301bf5cac3279
      url: "https://pub.dev"
    source: hosted
    version: "2.2.1"
  path_provider_platform_interface:
    dependency: transitive
    description:
      name: path_provider_platform_interface
      sha256: "94b1e0dd80970c1ce43d5d4e050a9918fce4f4a775e6142424c30a29a363265c"
      url: "https://pub.dev"
    source: hosted
    version: "2.1.1"
  path_provider_windows:
    dependency: transitive
    description:
      name: path_provider_windows
      sha256: "8bc9f22eee8690981c22aa7fc602f5c85b497a6fb2ceb35ee5a5e5ed85ad8170"
      url: "https://pub.dev"
    source: hosted
    version: "2.2.1"
  petitparser:
    dependency: transitive
    description:
      name: petitparser
      sha256: cb3798bef7fc021ac45b308f4b51208a152792445cce0448c9a4ba5879dd8750
      url: "https://pub.dev"
    source: hosted
    version: "5.4.0"
  photo_view:
    dependency: "direct main"
    description:
      name: photo_view
      sha256: "8036802a00bae2a78fc197af8a158e3e2f7b500561ed23b4c458107685e645bb"
      url: "https://pub.dev"
    source: hosted
    version: "0.14.0"
  pixel_snap:
    dependency: transitive
    description:
      name: pixel_snap
      sha256: "5de3662b926c9bc189578cf90f9d5b350ee61bc8e20e8a91fa1dfdd26c9f5ece"
      url: "https://pub.dev"
    source: hosted
    version: "0.1.2"
  platform:
    dependency: transitive
    description:
      name: platform
      sha256: "4a451831508d7d6ca779f7ac6e212b4023dd5a7d08a27a63da33756410e32b76"
      url: "https://pub.dev"
    source: hosted
    version: "3.1.0"
  plugin_platform_interface:
    dependency: transitive
    description:
      name: plugin_platform_interface
      sha256: "6a2128648c854906c53fa8e33986fc0247a1116122f9534dd20e3ab9e16a32bc"
      url: "https://pub.dev"
    source: hosted
    version: "2.1.4"
  pointycastle:
    dependency: transitive
    description:
      name: pointycastle
      sha256: "7c1e5f0d23c9016c5bbd8b1473d0d3fb3fc851b876046039509e18e0c7485f2c"
      url: "https://pub.dev"
    source: hosted
    version: "3.7.3"
  pub_semver:
    dependency: transitive
    description:
      name: pub_semver
      sha256: "40d3ab1bbd474c4c2328c91e3a7df8c6dd629b79ece4c4bd04bee496a224fb0c"
      url: "https://pub.dev"
    source: hosted
    version: "2.1.4"
  pubspec_parse:
    dependency: transitive
    description:
      name: pubspec_parse
      sha256: c63b2876e58e194e4b0828fcb080ad0e06d051cb607a6be51a9e084f47cb9367
      url: "https://pub.dev"
    source: hosted
    version: "1.2.3"
  rive:
    dependency: "direct main"
    description:
      name: rive
      sha256: f2117a96a189758bc79bf7933865625c7a44a420ae537d2a8f6c492900136a71
      url: "https://pub.dev"
    source: hosted
    version: "0.11.17"
  rive_common:
    dependency: transitive
    description:
      name: rive_common
      sha256: e41f12917cb58e0c9376836490ebaa431e12744da0c67e19dad8d4bee9fedd46
      url: "https://pub.dev"
    source: hosted
    version: "0.2.7"
  rxdart:
    dependency: transitive
    description:
      name: rxdart
      sha256: "0c7c0cedd93788d996e33041ffecda924cc54389199cde4e6a34b440f50044cb"
      url: "https://pub.dev"
    source: hosted
    version: "0.27.7"
  salomon_bottom_bar:
    dependency: "direct main"
    description:
      name: salomon_bottom_bar
      sha256: e20abf2e449749432223a8b4e6647c212eef6c2b638e0ed8cc92eff9529c2b48
      url: "https://pub.dev"
    source: hosted
    version: "3.3.2"
  screen_retriever:
    dependency: transitive
    description:
      name: screen_retriever
      sha256: "4931f226ca158123ccd765325e9fbf360bfed0af9b460a10f960f9bb13d58323"
      url: "https://pub.dev"
    source: hosted
    version: "0.1.6"
  screenshot:
    dependency: "direct main"
    description:
      name: screenshot
      sha256: "455284ff1f5b911d94a43c25e1385485cf6b4f288293eba68f15dad711c7b81c"
      url: "https://pub.dev"
    source: hosted
    version: "2.1.0"
  share_plus:
    dependency: "direct main"
    description:
      name: share_plus
      sha256: f74fc3f1cbd99f39760182e176802f693fa0ec9625c045561cfad54681ea93dd
      url: "https://pub.dev"
    source: hosted
    version: "7.2.1"
  share_plus_platform_interface:
    dependency: transitive
    description:
      name: share_plus_platform_interface
      sha256: df08bc3a07d01f5ea47b45d03ffcba1fa9cd5370fb44b3f38c70e42cced0f956
      url: "https://pub.dev"
    source: hosted
    version: "3.3.1"
  shared_preferences:
    dependency: transitive
    description:
      name: shared_preferences
      sha256: "0344316c947ffeb3a529eac929e1978fcd37c26be4e8468628bac399365a3ca1"
      url: "https://pub.dev"
    source: hosted
    version: "2.2.0"
  shared_preferences_android:
    dependency: transitive
    description:
      name: shared_preferences_android
      sha256: fe8401ec5b6dcd739a0fe9588802069e608c3fdbfd3c3c93e546cf2f90438076
      url: "https://pub.dev"
    source: hosted
    version: "2.2.0"
  shared_preferences_foundation:
    dependency: transitive
    description:
      name: shared_preferences_foundation
      sha256: f39696b83e844923b642ce9dd4bd31736c17e697f6731a5adf445b1274cf3cd4
      url: "https://pub.dev"
    source: hosted
    version: "2.3.2"
  shared_preferences_linux:
    dependency: transitive
    description:
      name: shared_preferences_linux
      sha256: "71d6806d1449b0a9d4e85e0c7a917771e672a3d5dc61149cc9fac871115018e1"
      url: "https://pub.dev"
    source: hosted
    version: "2.3.0"
  shared_preferences_platform_interface:
    dependency: transitive
    description:
      name: shared_preferences_platform_interface
      sha256: "23b052f17a25b90ff2b61aad4cc962154da76fb62848a9ce088efe30d7c50ab1"
      url: "https://pub.dev"
    source: hosted
    version: "2.3.0"
  shared_preferences_web:
    dependency: transitive
    description:
      name: shared_preferences_web
      sha256: "7347b194fb0bbeb4058e6a4e87ee70350b6b2b90f8ac5f8bd5b3a01548f6d33a"
      url: "https://pub.dev"
    source: hosted
    version: "2.2.0"
  shared_preferences_windows:
    dependency: transitive
    description:
      name: shared_preferences_windows
      sha256: f95e6a43162bce43c9c3405f3eb6f39e5b5d11f65fab19196cf8225e2777624d
      url: "https://pub.dev"
    source: hosted
    version: "2.3.0"
  sky_engine:
    dependency: transitive
    description: flutter
    source: sdk
    version: "0.0.99"
  smooth_page_indicator:
    dependency: "direct main"
    description:
      name: smooth_page_indicator
      sha256: "725bc638d5e79df0c84658e1291449996943f93bacbc2cec49963dbbab48d8ae"
      url: "https://pub.dev"
    source: hosted
    version: "1.1.0"
  solidart:
    dependency: transitive
    description:
      name: solidart
      sha256: "329ad04942decbc899189242e31a651c7172472f70a12325f2f81769356a6c20"
      url: "https://pub.dev"
    source: hosted
    version: "0.3.0"
  solidart_lint:
    dependency: "direct dev"
    description:
      name: solidart_lint
      sha256: "9d93a7a5f5696d18af0229d65449c609c55a040745152902fbf343c4461c111a"
      url: "https://pub.dev"
    source: hosted
    version: "0.2.0"
  source_span:
    dependency: transitive
    description:
      name: source_span
      sha256: "53e943d4206a5e30df338fd4c6e7a077e02254531b138a15aec3bd143c1a8b3c"
      url: "https://pub.dev"
    source: hosted
    version: "1.10.0"
  stack_trace:
    dependency: transitive
    description:
      name: stack_trace
      sha256: "73713990125a6d93122541237550ee3352a2d84baad52d375a4cad2eb9b7ce0b"
      url: "https://pub.dev"
    source: hosted
    version: "1.11.1"
  stream_channel:
    dependency: transitive
    description:
      name: stream_channel
      sha256: ba2aa5d8cc609d96bbb2899c28934f9e1af5cddbd60a827822ea467161eb54e7
      url: "https://pub.dev"
    source: hosted
    version: "2.1.2"
  stream_transform:
    dependency: transitive
    description:
      name: stream_transform
      sha256: "14a00e794c7c11aa145a170587321aedce29769c08d7f58b1d141da75e3b1c6f"
      url: "https://pub.dev"
    source: hosted
    version: "2.1.0"
  string_scanner:
    dependency: transitive
    description:
      name: string_scanner
      sha256: "556692adab6cfa87322a115640c11f13cb77b3f076ddcc5d6ae3c20242bedcde"
      url: "https://pub.dev"
    source: hosted
    version: "1.2.0"
  super_context_menu:
    dependency: "direct main"
    description:
      name: super_context_menu
      sha256: "18736520541aee293720597b399ecfd18e7be16cc2dba72e7dee0edfa5925857"
      url: "https://pub.dev"
    source: hosted
    version: "0.6.4"
  super_native_extensions:
    dependency: transitive
    description:
      name: super_native_extensions
      sha256: "3bbb95899f848617b819eec1fa00c80a617f1bd469a480b1f0c4dd383da4c5ec"
      url: "https://pub.dev"
    source: hosted
    version: "0.6.4"
  term_glyph:
    dependency: transitive
    description:
      name: term_glyph
      sha256: a29248a84fbb7c79282b40b8c72a1209db169a2e0542bce341da992fe1bc7e84
      url: "https://pub.dev"
    source: hosted
    version: "1.2.1"
  test_api:
    dependency: transitive
    description:
      name: test_api
      sha256: "5c2f730018264d276c20e4f1503fd1308dfbbae39ec8ee63c5236311ac06954b"
      url: "https://pub.dev"
    source: hosted
    version: "0.6.1"
  text_wrap_auto_size:
    dependency: "direct main"
    description:
      name: text_wrap_auto_size
      sha256: "96f37cffdf898c2fa33d6c59812db1311e2e071398d4574fb60dbb52346c9c06"
      url: "https://pub.dev"
    source: hosted
    version: "1.2.1"
  typed_data:
    dependency: transitive
    description:
      name: typed_data
      sha256: facc8d6582f16042dd49f2463ff1bd6e2c9ef9f3d5da3d9b087e244a7b564b3c
      url: "https://pub.dev"
    source: hosted
    version: "1.3.2"
  unicons:
    dependency: "direct main"
    description:
      name: unicons
      sha256: dbfcf93ff4d4ea19b324113857e358e4882115ab85db04417a4ba1c72b17a670
      url: "https://pub.dev"
    source: hosted
    version: "2.1.1"
  universal_html:
    dependency: transitive
    description:
      name: universal_html
      sha256: "56536254004e24d9d8cfdb7dbbf09b74cf8df96729f38a2f5c238163e3d58971"
      url: "https://pub.dev"
    source: hosted
    version: "2.2.4"
  universal_io:
    dependency: transitive
    description:
      name: universal_io
      sha256: "1722b2dcc462b4b2f3ee7d188dad008b6eb4c40bbd03a3de451d82c78bba9aad"
      url: "https://pub.dev"
    source: hosted
    version: "2.2.2"
  url_launcher:
    dependency: "direct main"
    description:
      name: url_launcher
      sha256: "781bd58a1eb16069412365c98597726cd8810ae27435f04b3b4d3a470bacd61e"
      url: "https://pub.dev"
    source: hosted
    version: "6.1.12"
  url_launcher_android:
    dependency: transitive
    description:
      name: url_launcher_android
      sha256: "15f5acbf0dce90146a0f5a2c4a002b1814a6303c4c5c075aa2623b2d16156f03"
      url: "https://pub.dev"
    source: hosted
    version: "6.0.36"
  url_launcher_ios:
    dependency: transitive
    description:
      name: url_launcher_ios
      sha256: "9af7ea73259886b92199f9e42c116072f05ff9bea2dcb339ab935dfc957392c2"
      url: "https://pub.dev"
    source: hosted
    version: "6.1.4"
  url_launcher_linux:
    dependency: transitive
    description:
      name: url_launcher_linux
      sha256: "207f4ddda99b95b4d4868320a352d374b0b7e05eefad95a4a26f57da413443f5"
      url: "https://pub.dev"
    source: hosted
    version: "3.0.5"
  url_launcher_macos:
    dependency: transitive
    description:
      name: url_launcher_macos
      sha256: "1c4fdc0bfea61a70792ce97157e5cc17260f61abbe4f39354513f39ec6fd73b1"
      url: "https://pub.dev"
    source: hosted
    version: "3.0.6"
  url_launcher_platform_interface:
    dependency: transitive
    description:
      name: url_launcher_platform_interface
      sha256: bfdfa402f1f3298637d71ca8ecfe840b4696698213d5346e9d12d4ab647ee2ea
      url: "https://pub.dev"
    source: hosted
    version: "2.1.3"
  url_launcher_web:
    dependency: transitive
    description:
      name: url_launcher_web
      sha256: cc26720eefe98c1b71d85f9dc7ef0cada5132617046369d9dc296b3ecaa5cbb4
      url: "https://pub.dev"
    source: hosted
    version: "2.0.18"
  url_launcher_windows:
    dependency: transitive
    description:
      name: url_launcher_windows
      sha256: "7967065dd2b5fccc18c653b97958fdf839c5478c28e767c61ee879f4e7882422"
      url: "https://pub.dev"
    source: hosted
    version: "3.0.7"
  uuid:
    dependency: transitive
    description:
      name: uuid
      sha256: "648e103079f7c64a36dc7d39369cabb358d377078a051d6ae2ad3aa539519313"
      url: "https://pub.dev"
    source: hosted
    version: "3.0.7"
  vector_math:
    dependency: transitive
    description:
      name: vector_math
      sha256: "80b3257d1492ce4d091729e3a67a60407d227c27241d6927be0130c98e741803"
      url: "https://pub.dev"
    source: hosted
    version: "2.1.4"
  verbal_expressions:
    dependency: "direct main"
    description:
      name: verbal_expressions
      sha256: c4c0a47c2584a6351828f29996a2abad3fbaec86380bbd6fe8cf13ecc708c167
      url: "https://pub.dev"
    source: hosted
    version: "1.0.0"
  vm_service:
    dependency: transitive
    description:
      name: vm_service
      sha256: ada49637c27973c183dad90beb6bd781eea4c9f5f955d35da172de0af7bd3440
      url: "https://pub.dev"
    source: hosted
    version: "11.8.0"
  watcher:
    dependency: transitive
    description:
      name: watcher
      sha256: "3d2ad6751b3c16cf07c7fca317a1413b3f26530319181b37e3b9039b84fc01d8"
      url: "https://pub.dev"
    source: hosted
    version: "1.1.0"
  web:
    dependency: transitive
    description:
      name: web
      sha256: afe077240a270dcfd2aafe77602b4113645af95d0ad31128cc02bce5ac5d5152
      url: "https://pub.dev"
    source: hosted
    version: "0.3.0"
  win32:
    dependency: transitive
    description:
      name: win32
      sha256: dfdf0136e0aa7a1b474ea133e67cb0154a0acd2599c4f3ada3b49d38d38793ee
      url: "https://pub.dev"
    source: hosted
    version: "5.0.5"
  win32_registry:
    dependency: transitive
    description:
      name: win32_registry
      sha256: e4506d60b7244251bc59df15656a3093501c37fb5af02105a944d73eb95be4c9
      url: "https://pub.dev"
    source: hosted
    version: "1.1.1"
  window_manager:
    dependency: "direct main"
    description:
      name: window_manager
      sha256: "9eef00e393e7f9308309ce9a8b2398c9ee3ca78b50c96e8b4f9873945693ac88"
      url: "https://pub.dev"
    source: hosted
    version: "0.3.5"
  xdg_directories:
    dependency: transitive
    description:
      name: xdg_directories
      sha256: e0b1147eec179d3911f1f19b59206448f78195ca1d20514134e10641b7d7fbff
      url: "https://pub.dev"
    source: hosted
    version: "1.0.1"
  xml:
    dependency: transitive
    description:
      name: xml
      sha256: "5bc72e1e45e941d825fd7468b9b4cc3b9327942649aeb6fc5cdbf135f0a86e84"
      url: "https://pub.dev"
    source: hosted
    version: "6.3.0"
  yaml:
    dependency: transitive
    description:
      name: yaml
      sha256: "75769501ea3489fca56601ff33454fe45507ea3bfb014161abc3b43ae25989d5"
      url: "https://pub.dev"
    source: hosted
    version: "3.1.2"
sdks:
  dart: ">=3.2.0-194.0.dev <4.0.0"
  flutter: ">=3.10.0"
